// !$*UTF8*$!
{
	archiveVersion = 1;
	classes = {
	};
	objectVersion = 46;
	objects = {

/* Begin PBXBuildFile section */
		55050A0619FDE52B00E27F94 /* FLCameraViewController.m in Sources */ = {isa = PBXBuildFile; fileRef = 55050A0419FDE52B00E27F94 /* FLCameraViewController.m */; };
		D903448719DD03CB00CF9532 /* main.m in Sources */ = {isa = PBXBuildFile; fileRef = D903448619DD03CB00CF9532 /* main.m */; };
		D903448A19DD03CB00CF9532 /* AppDelegate.m in Sources */ = {isa = PBXBuildFile; fileRef = D903448919DD03CB00CF9532 /* AppDelegate.m */; };
		D903448D19DD03CB00CF9532 /* ViewController.m in Sources */ = {isa = PBXBuildFile; fileRef = D903448C19DD03CB00CF9532 /* ViewController.m */; };
		D903449019DD03CB00CF9532 /* Main.storyboard in Resources */ = {isa = PBXBuildFile; fileRef = D903448E19DD03CB00CF9532 /* Main.storyboard */; };
		D903449219DD03CB00CF9532 /* Images.xcassets in Resources */ = {isa = PBXBuildFile; fileRef = D903449119DD03CB00CF9532 /* Images.xcassets */; };
		D903449E19DD03CB00CF9532 /* FlurTests.m in Sources */ = {isa = PBXBuildFile; fileRef = D903449D19DD03CB00CF9532 /* FlurTests.m */; };
		D96C15CE19E0B336009E74DA /* FLMasterNavigationController.m in Sources */ = {isa = PBXBuildFile; fileRef = D96C15CD19E0B336009E74DA /* FLMasterNavigationController.m */; };
		D96C15D119E0B536009E74DA /* FLInitialMapViewController.m in Sources */ = {isa = PBXBuildFile; fileRef = D96C15D019E0B536009E74DA /* FLInitialMapViewController.m */; };
		D96C15D319E1CE0B009E74DA /* CoreLocation.framework in Frameworks */ = {isa = PBXBuildFile; fileRef = D96C15D219E1CE0B009E74DA /* CoreLocation.framework */; };
		D96C15D519E1CE18009E74DA /* MapKit.framework in Frameworks */ = {isa = PBXBuildFile; fileRef = D96C15D419E1CE18009E74DA /* MapKit.framework */; };
		D96C15D819E1F6CA009E74DA /* FLFlurAnnotation.m in Sources */ = {isa = PBXBuildFile; fileRef = D96C15D719E1F6CA009E74DA /* FLFlurAnnotation.m */; };
		DB3ADA6919FB336B0038E860 /* frame_0.gif in Resources */ = {isa = PBXBuildFile; fileRef = DB3ADA5A19FB336B0038E860 /* frame_0.gif */; };
		DB3ADA6A19FB336B0038E860 /* frame_1.gif in Resources */ = {isa = PBXBuildFile; fileRef = DB3ADA5B19FB336B0038E860 /* frame_1.gif */; };
		DB3ADA6B19FB336B0038E860 /* frame_2.gif in Resources */ = {isa = PBXBuildFile; fileRef = DB3ADA5C19FB336B0038E860 /* frame_2.gif */; };
		DB3ADA6C19FB336B0038E860 /* frame_3.gif in Resources */ = {isa = PBXBuildFile; fileRef = DB3ADA5D19FB336B0038E860 /* frame_3.gif */; };
		DB3ADA6D19FB336B0038E860 /* frame_004.gif in Resources */ = {isa = PBXBuildFile; fileRef = DB3ADA5E19FB336B0038E860 /* frame_004.gif */; };
		DB3ADA6E19FB336B0038E860 /* frame_005.gif in Resources */ = {isa = PBXBuildFile; fileRef = DB3ADA5F19FB336B0038E860 /* frame_005.gif */; };
		DB3ADA6F19FB336B0038E860 /* frame_006.gif in Resources */ = {isa = PBXBuildFile; fileRef = DB3ADA6019FB336B0038E860 /* frame_006.gif */; };
		DB3ADA7019FB336B0038E860 /* frame_007.gif in Resources */ = {isa = PBXBuildFile; fileRef = DB3ADA6119FB336B0038E860 /* frame_007.gif */; };
		DB3ADA7119FB336B0038E860 /* frame_008.gif in Resources */ = {isa = PBXBuildFile; fileRef = DB3ADA6219FB336B0038E860 /* frame_008.gif */; };
		DB3ADA7219FB336B0038E860 /* frame_009.gif in Resources */ = {isa = PBXBuildFile; fileRef = DB3ADA6319FB336B0038E860 /* frame_009.gif */; };
		DB3ADA7319FB336B0038E860 /* frame_010.gif in Resources */ = {isa = PBXBuildFile; fileRef = DB3ADA6419FB336B0038E860 /* frame_010.gif */; };
		DB3ADA7419FB336B0038E860 /* frame_011.gif in Resources */ = {isa = PBXBuildFile; fileRef = DB3ADA6519FB336B0038E860 /* frame_011.gif */; };
		DB3ADA7519FB336B0038E860 /* frame_012.gif in Resources */ = {isa = PBXBuildFile; fileRef = DB3ADA6619FB336B0038E860 /* frame_012.gif */; };
		DB3ADA7619FB336B0038E860 /* frame_013.gif in Resources */ = {isa = PBXBuildFile; fileRef = DB3ADA6719FB336B0038E860 /* frame_013.gif */; };
		DB3ADA7719FB336B0038E860 /* frame_014.gif in Resources */ = {isa = PBXBuildFile; fileRef = DB3ADA6819FB336B0038E860 /* frame_014.gif */; };
		DB3CE56519F5F8D00004066D /* small_flur.png in Resources */ = {isa = PBXBuildFile; fileRef = DB3CE56419F5F8D00004066D /* small_flur.png */; };
		DB88878919FA0A8E00851575 /* flur_25px.ai in Resources */ = {isa = PBXBuildFile; fileRef = DB88878819FA0A8E00851575 /* flur_25px.ai */; };
		DB88878B19FA0E3500851575 /* flur_25px.png in Resources */ = {isa = PBXBuildFile; fileRef = DB88878A19FA0E3500851575 /* flur_25px.png */; };
		DB9BD30A19F59D800066FEB1 /* FLMapManager.m in Sources */ = {isa = PBXBuildFile; fileRef = DB9BD30919F59D800066FEB1 /* FLMapManager.m */; };
		DB9BD30D19F59DA30066FEB1 /* FLPin.m in Sources */ = {isa = PBXBuildFile; fileRef = DB9BD30C19F59DA30066FEB1 /* FLPin.m */; };
		DBAFEB5B19EC3A1100312140 /* PhotoViewController.m in Sources */ = {isa = PBXBuildFile; fileRef = DBAFEB5A19EC3A1100312140 /* PhotoViewController.m */; };
		DBAFEB9B19EC4AC200312140 /* SinglePhotoViewController.m in Sources */ = {isa = PBXBuildFile; fileRef = DBAFEB9A19EC4AC200312140 /* SinglePhotoViewController.m */; };
		DBC4C0B619FD6FFA00BDD66B /* frame_000.gif in Resources */ = {isa = PBXBuildFile; fileRef = DBC4C09919FD6FFA00BDD66B /* frame_000.gif */; };
		DBC4C0B719FD6FFA00BDD66B /* frame_001.gif in Resources */ = {isa = PBXBuildFile; fileRef = DBC4C09A19FD6FFA00BDD66B /* frame_001.gif */; };
		DBC4C0B819FD6FFA00BDD66B /* frame_002.gif in Resources */ = {isa = PBXBuildFile; fileRef = DBC4C09B19FD6FFA00BDD66B /* frame_002.gif */; };
		DBC4C0B919FD6FFA00BDD66B /* frame_003.gif in Resources */ = {isa = PBXBuildFile; fileRef = DBC4C09C19FD6FFA00BDD66B /* frame_003.gif */; };
		DBC4C0BA19FD6FFA00BDD66B /* frame_004.gif in Resources */ = {isa = PBXBuildFile; fileRef = DBC4C09D19FD6FFA00BDD66B /* frame_004.gif */; };
		DBC4C0BB19FD6FFA00BDD66B /* frame_005.gif in Resources */ = {isa = PBXBuildFile; fileRef = DBC4C09E19FD6FFA00BDD66B /* frame_005.gif */; };
		DBC4C0BC19FD6FFA00BDD66B /* frame_006.gif in Resources */ = {isa = PBXBuildFile; fileRef = DBC4C09F19FD6FFA00BDD66B /* frame_006.gif */; };
		DBC4C0BD19FD6FFA00BDD66B /* frame_007.gif in Resources */ = {isa = PBXBuildFile; fileRef = DBC4C0A019FD6FFA00BDD66B /* frame_007.gif */; };
		DBC4C0BE19FD6FFA00BDD66B /* frame_008.gif in Resources */ = {isa = PBXBuildFile; fileRef = DBC4C0A119FD6FFA00BDD66B /* frame_008.gif */; };
		DBC4C0BF19FD6FFA00BDD66B /* frame_009.gif in Resources */ = {isa = PBXBuildFile; fileRef = DBC4C0A219FD6FFA00BDD66B /* frame_009.gif */; };
		DBC4C0C019FD6FFA00BDD66B /* frame_010.gif in Resources */ = {isa = PBXBuildFile; fileRef = DBC4C0A319FD6FFA00BDD66B /* frame_010.gif */; };
		DBC4C0C119FD6FFA00BDD66B /* frame_011.gif in Resources */ = {isa = PBXBuildFile; fileRef = DBC4C0A419FD6FFA00BDD66B /* frame_011.gif */; };
		DBC4C0C219FD6FFA00BDD66B /* frame_012.gif in Resources */ = {isa = PBXBuildFile; fileRef = DBC4C0A519FD6FFA00BDD66B /* frame_012.gif */; };
		DBC4C0C319FD6FFA00BDD66B /* frame_013.gif in Resources */ = {isa = PBXBuildFile; fileRef = DBC4C0A619FD6FFA00BDD66B /* frame_013.gif */; };
		DBC4C0C419FD6FFA00BDD66B /* frame_014.gif in Resources */ = {isa = PBXBuildFile; fileRef = DBC4C0A719FD6FFA00BDD66B /* frame_014.gif */; };
		DBC4C0C519FD6FFA00BDD66B /* frame_015.gif in Resources */ = {isa = PBXBuildFile; fileRef = DBC4C0A819FD6FFA00BDD66B /* frame_015.gif */; };
		DBC4C0C619FD6FFA00BDD66B /* frame_016.gif in Resources */ = {isa = PBXBuildFile; fileRef = DBC4C0A919FD6FFA00BDD66B /* frame_016.gif */; };
		DBC4C0C719FD6FFA00BDD66B /* frame_017.gif in Resources */ = {isa = PBXBuildFile; fileRef = DBC4C0AA19FD6FFA00BDD66B /* frame_017.gif */; };
		DBC4C0C819FD6FFA00BDD66B /* frame_018.gif in Resources */ = {isa = PBXBuildFile; fileRef = DBC4C0AB19FD6FFA00BDD66B /* frame_018.gif */; };
		DBC4C0C919FD6FFA00BDD66B /* frame_019.gif in Resources */ = {isa = PBXBuildFile; fileRef = DBC4C0AC19FD6FFA00BDD66B /* frame_019.gif */; };
		DBC4C0CA19FD6FFA00BDD66B /* frame_020.gif in Resources */ = {isa = PBXBuildFile; fileRef = DBC4C0AD19FD6FFA00BDD66B /* frame_020.gif */; };
		DBC4C0CB19FD6FFA00BDD66B /* frame_021.gif in Resources */ = {isa = PBXBuildFile; fileRef = DBC4C0AE19FD6FFA00BDD66B /* frame_021.gif */; };
		DBC4C0CC19FD6FFA00BDD66B /* frame_022.gif in Resources */ = {isa = PBXBuildFile; fileRef = DBC4C0AF19FD6FFA00BDD66B /* frame_022.gif */; };
		DBC4C0CD19FD6FFA00BDD66B /* frame_023.gif in Resources */ = {isa = PBXBuildFile; fileRef = DBC4C0B019FD6FFA00BDD66B /* frame_023.gif */; };
		DBC4C0CE19FD6FFA00BDD66B /* frame_024.gif in Resources */ = {isa = PBXBuildFile; fileRef = DBC4C0B119FD6FFA00BDD66B /* frame_024.gif */; };
		DBC4C0CF19FD6FFA00BDD66B /* frame_025.gif in Resources */ = {isa = PBXBuildFile; fileRef = DBC4C0B219FD6FFA00BDD66B /* frame_025.gif */; };
		DBC4C0D019FD6FFA00BDD66B /* frame_026.gif in Resources */ = {isa = PBXBuildFile; fileRef = DBC4C0B319FD6FFA00BDD66B /* frame_026.gif */; };
		DBC4C0D119FD6FFA00BDD66B /* frame_027.gif in Resources */ = {isa = PBXBuildFile; fileRef = DBC4C0B419FD6FFA00BDD66B /* frame_027.gif */; };
		DBC4C0D219FD6FFA00BDD66B /* frame_028.gif in Resources */ = {isa = PBXBuildFile; fileRef = DBC4C0B519FD6FFA00BDD66B /* frame_028.gif */; };
		DBC4C0D619FDC62600BDD66B /* exit_image.png in Resources */ = {isa = PBXBuildFile; fileRef = DBC4C0D519FDC62600BDD66B /* exit_image.png */; };
		DD2B870A11496D0D818274F5 /* libPods.a in Frameworks */ = {isa = PBXBuildFile; fileRef = 81BBFEEC39205A7BD563743A /* libPods.a */; };
/* End PBXBuildFile section */

/* Begin PBXContainerItemProxy section */
		D903449819DD03CB00CF9532 /* PBXContainerItemProxy */ = {
			isa = PBXContainerItemProxy;
			containerPortal = D903447919DD03CB00CF9532 /* Project object */;
			proxyType = 1;
			remoteGlobalIDString = D903448019DD03CB00CF9532;
			remoteInfo = Flur;
		};
/* End PBXContainerItemProxy section */

/* Begin PBXFileReference section */
		55050A0419FDE52B00E27F94 /* FLCameraViewController.m */ = {isa = PBXFileReference; fileEncoding = 4; lastKnownFileType = sourcecode.c.objc; path = FLCameraViewController.m; sourceTree = "<group>"; };
		55050A0519FDE52B00E27F94 /* FLCameraViewController.h */ = {isa = PBXFileReference; fileEncoding = 4; lastKnownFileType = sourcecode.c.h; path = FLCameraViewController.h; sourceTree = "<group>"; };
		81BBFEEC39205A7BD563743A /* libPods.a */ = {isa = PBXFileReference; explicitFileType = archive.ar; includeInIndex = 0; path = libPods.a; sourceTree = BUILT_PRODUCTS_DIR; };
		848EB5AE47E94637A9943476 /* Pods.debug.xcconfig */ = {isa = PBXFileReference; includeInIndex = 1; lastKnownFileType = text.xcconfig; name = Pods.debug.xcconfig; path = "Pods/Target Support Files/Pods/Pods.debug.xcconfig"; sourceTree = "<group>"; };
		D810A8B308AD2E3E47B33233 /* Pods.release.xcconfig */ = {isa = PBXFileReference; includeInIndex = 1; lastKnownFileType = text.xcconfig; name = Pods.release.xcconfig; path = "Pods/Target Support Files/Pods/Pods.release.xcconfig"; sourceTree = "<group>"; };
		D903448119DD03CB00CF9532 /* Flur.app */ = {isa = PBXFileReference; explicitFileType = wrapper.application; includeInIndex = 0; path = Flur.app; sourceTree = BUILT_PRODUCTS_DIR; };
		D903448519DD03CB00CF9532 /* Info.plist */ = {isa = PBXFileReference; lastKnownFileType = text.plist.xml; path = Info.plist; sourceTree = "<group>"; };
		D903448619DD03CB00CF9532 /* main.m */ = {isa = PBXFileReference; lastKnownFileType = sourcecode.c.objc; path = main.m; sourceTree = "<group>"; };
		D903448819DD03CB00CF9532 /* AppDelegate.h */ = {isa = PBXFileReference; lastKnownFileType = sourcecode.c.h; path = AppDelegate.h; sourceTree = "<group>"; };
		D903448919DD03CB00CF9532 /* AppDelegate.m */ = {isa = PBXFileReference; lastKnownFileType = sourcecode.c.objc; path = AppDelegate.m; sourceTree = "<group>"; };
		D903448B19DD03CB00CF9532 /* ViewController.h */ = {isa = PBXFileReference; lastKnownFileType = sourcecode.c.h; path = ViewController.h; sourceTree = "<group>"; };
		D903448C19DD03CB00CF9532 /* ViewController.m */ = {isa = PBXFileReference; lastKnownFileType = sourcecode.c.objc; path = ViewController.m; sourceTree = "<group>"; };
		D903448F19DD03CB00CF9532 /* Base */ = {isa = PBXFileReference; lastKnownFileType = file.storyboard; name = Base; path = Base.lproj/Main.storyboard; sourceTree = "<group>"; };
		D903449119DD03CB00CF9532 /* Images.xcassets */ = {isa = PBXFileReference; lastKnownFileType = folder.assetcatalog; path = Images.xcassets; sourceTree = "<group>"; };
		D903449719DD03CB00CF9532 /* FlurTests.xctest */ = {isa = PBXFileReference; explicitFileType = wrapper.cfbundle; includeInIndex = 0; path = FlurTests.xctest; sourceTree = BUILT_PRODUCTS_DIR; };
		D903449C19DD03CB00CF9532 /* Info.plist */ = {isa = PBXFileReference; lastKnownFileType = text.plist.xml; path = Info.plist; sourceTree = "<group>"; };
		D903449D19DD03CB00CF9532 /* FlurTests.m */ = {isa = PBXFileReference; lastKnownFileType = sourcecode.c.objc; path = FlurTests.m; sourceTree = "<group>"; };
		D96C15CC19E0B336009E74DA /* FLMasterNavigationController.h */ = {isa = PBXFileReference; fileEncoding = 4; lastKnownFileType = sourcecode.c.h; path = FLMasterNavigationController.h; sourceTree = "<group>"; };
		D96C15CD19E0B336009E74DA /* FLMasterNavigationController.m */ = {isa = PBXFileReference; fileEncoding = 4; lastKnownFileType = sourcecode.c.objc; path = FLMasterNavigationController.m; sourceTree = "<group>"; };
		D96C15CF19E0B536009E74DA /* FLInitialMapViewController.h */ = {isa = PBXFileReference; fileEncoding = 4; lastKnownFileType = sourcecode.c.h; path = FLInitialMapViewController.h; sourceTree = "<group>"; };
		D96C15D019E0B536009E74DA /* FLInitialMapViewController.m */ = {isa = PBXFileReference; fileEncoding = 4; lastKnownFileType = sourcecode.c.objc; path = FLInitialMapViewController.m; sourceTree = "<group>"; };
		D96C15D219E1CE0B009E74DA /* CoreLocation.framework */ = {isa = PBXFileReference; lastKnownFileType = wrapper.framework; name = CoreLocation.framework; path = System/Library/Frameworks/CoreLocation.framework; sourceTree = SDKROOT; };
		D96C15D419E1CE18009E74DA /* MapKit.framework */ = {isa = PBXFileReference; lastKnownFileType = wrapper.framework; name = MapKit.framework; path = System/Library/Frameworks/MapKit.framework; sourceTree = SDKROOT; };
		D96C15D619E1F6CA009E74DA /* FLFlurAnnotation.h */ = {isa = PBXFileReference; fileEncoding = 4; lastKnownFileType = sourcecode.c.h; path = FLFlurAnnotation.h; sourceTree = "<group>"; };
		D96C15D719E1F6CA009E74DA /* FLFlurAnnotation.m */ = {isa = PBXFileReference; fileEncoding = 4; lastKnownFileType = sourcecode.c.objc; path = FLFlurAnnotation.m; sourceTree = "<group>"; };
		DB3ADA5A19FB336B0038E860 /* frame_0.gif */ = {isa = PBXFileReference; lastKnownFileType = image.gif; name = frame_0.gif; path = Flur/frame_0.gif; sourceTree = SOURCE_ROOT; };
		DB3ADA5B19FB336B0038E860 /* frame_1.gif */ = {isa = PBXFileReference; lastKnownFileType = image.gif; path = frame_1.gif; sourceTree = "<group>"; };
		DB3ADA5C19FB336B0038E860 /* frame_2.gif */ = {isa = PBXFileReference; lastKnownFileType = image.gif; path = frame_2.gif; sourceTree = "<group>"; };
		DB3ADA5D19FB336B0038E860 /* frame_3.gif */ = {isa = PBXFileReference; lastKnownFileType = image.gif; path = frame_3.gif; sourceTree = "<group>"; };
		DB3ADA5E19FB336B0038E860 /* frame_004.gif */ = {isa = PBXFileReference; lastKnownFileType = image.gif; path = frame_004.gif; sourceTree = "<group>"; };
		DB3ADA5F19FB336B0038E860 /* frame_005.gif */ = {isa = PBXFileReference; lastKnownFileType = image.gif; path = frame_005.gif; sourceTree = "<group>"; };
		DB3ADA6019FB336B0038E860 /* frame_006.gif */ = {isa = PBXFileReference; lastKnownFileType = image.gif; path = frame_006.gif; sourceTree = "<group>"; };
		DB3ADA6119FB336B0038E860 /* frame_007.gif */ = {isa = PBXFileReference; lastKnownFileType = image.gif; path = frame_007.gif; sourceTree = "<group>"; };
		DB3ADA6219FB336B0038E860 /* frame_008.gif */ = {isa = PBXFileReference; lastKnownFileType = image.gif; path = frame_008.gif; sourceTree = "<group>"; };
		DB3ADA6319FB336B0038E860 /* frame_009.gif */ = {isa = PBXFileReference; lastKnownFileType = image.gif; path = frame_009.gif; sourceTree = "<group>"; };
		DB3ADA6419FB336B0038E860 /* frame_010.gif */ = {isa = PBXFileReference; lastKnownFileType = image.gif; path = frame_010.gif; sourceTree = "<group>"; };
		DB3ADA6519FB336B0038E860 /* frame_011.gif */ = {isa = PBXFileReference; lastKnownFileType = image.gif; path = frame_011.gif; sourceTree = "<group>"; };
		DB3ADA6619FB336B0038E860 /* frame_012.gif */ = {isa = PBXFileReference; lastKnownFileType = image.gif; path = frame_012.gif; sourceTree = "<group>"; };
		DB3ADA6719FB336B0038E860 /* frame_013.gif */ = {isa = PBXFileReference; lastKnownFileType = image.gif; path = frame_013.gif; sourceTree = "<group>"; };
		DB3ADA6819FB336B0038E860 /* frame_014.gif */ = {isa = PBXFileReference; lastKnownFileType = image.gif; path = frame_014.gif; sourceTree = "<group>"; };
		DB3CE56419F5F8D00004066D /* small_flur.png */ = {isa = PBXFileReference; lastKnownFileType = image.png; name = small_flur.png; path = Flur/small_flur.png; sourceTree = SOURCE_ROOT; };
		DB88878819FA0A8E00851575 /* flur_25px.ai */ = {isa = PBXFileReference; fileEncoding = 4; lastKnownFileType = text; path = flur_25px.ai; sourceTree = "<group>"; };
		DB88878A19FA0E3500851575 /* flur_25px.png */ = {isa = PBXFileReference; lastKnownFileType = image.png; path = flur_25px.png; sourceTree = "<group>"; };
		DB9BD30819F59D800066FEB1 /* FLMapManager.h */ = {isa = PBXFileReference; fileEncoding = 4; lastKnownFileType = sourcecode.c.h; path = FLMapManager.h; sourceTree = "<group>"; };
		DB9BD30919F59D800066FEB1 /* FLMapManager.m */ = {isa = PBXFileReference; fileEncoding = 4; lastKnownFileType = sourcecode.c.objc; path = FLMapManager.m; sourceTree = "<group>"; };
		DB9BD30B19F59DA30066FEB1 /* FLPin.h */ = {isa = PBXFileReference; fileEncoding = 4; lastKnownFileType = sourcecode.c.h; path = FLPin.h; sourceTree = "<group>"; };
		DB9BD30C19F59DA30066FEB1 /* FLPin.m */ = {isa = PBXFileReference; fileEncoding = 4; lastKnownFileType = sourcecode.c.objc; path = FLPin.m; sourceTree = "<group>"; };
		DBAFEB5919EC3A1100312140 /* PhotoViewController.h */ = {isa = PBXFileReference; fileEncoding = 4; lastKnownFileType = sourcecode.c.h; path = PhotoViewController.h; sourceTree = "<group>"; };
		DBAFEB5A19EC3A1100312140 /* PhotoViewController.m */ = {isa = PBXFileReference; fileEncoding = 4; lastKnownFileType = sourcecode.c.objc; path = PhotoViewController.m; sourceTree = "<group>"; };
		DBAFEB9919EC4AC200312140 /* SinglePhotoViewController.h */ = {isa = PBXFileReference; fileEncoding = 4; lastKnownFileType = sourcecode.c.h; path = SinglePhotoViewController.h; sourceTree = "<group>"; };
		DBAFEB9A19EC4AC200312140 /* SinglePhotoViewController.m */ = {isa = PBXFileReference; fileEncoding = 4; lastKnownFileType = sourcecode.c.objc; path = SinglePhotoViewController.m; sourceTree = "<group>"; };
		DBC4C09919FD6FFA00BDD66B /* frame_000.gif */ = {isa = PBXFileReference; lastKnownFileType = image.gif; name = frame_000.gif; path = "Flur/loading-gif/frame_000.gif"; sourceTree = SOURCE_ROOT; };
		DBC4C09A19FD6FFA00BDD66B /* frame_001.gif */ = {isa = PBXFileReference; lastKnownFileType = image.gif; name = frame_001.gif; path = "Flur/loading-gif/frame_001.gif"; sourceTree = SOURCE_ROOT; };
		DBC4C09B19FD6FFA00BDD66B /* frame_002.gif */ = {isa = PBXFileReference; lastKnownFileType = image.gif; name = frame_002.gif; path = "Flur/loading-gif/frame_002.gif"; sourceTree = SOURCE_ROOT; };
		DBC4C09C19FD6FFA00BDD66B /* frame_003.gif */ = {isa = PBXFileReference; lastKnownFileType = image.gif; name = frame_003.gif; path = "Flur/loading-gif/frame_003.gif"; sourceTree = SOURCE_ROOT; };
		DBC4C09D19FD6FFA00BDD66B /* frame_004.gif */ = {isa = PBXFileReference; lastKnownFileType = image.gif; name = frame_004.gif; path = "Flur/loading-gif/frame_004.gif"; sourceTree = SOURCE_ROOT; };
		DBC4C09E19FD6FFA00BDD66B /* frame_005.gif */ = {isa = PBXFileReference; lastKnownFileType = image.gif; name = frame_005.gif; path = "Flur/loading-gif/frame_005.gif"; sourceTree = SOURCE_ROOT; };
		DBC4C09F19FD6FFA00BDD66B /* frame_006.gif */ = {isa = PBXFileReference; lastKnownFileType = image.gif; name = frame_006.gif; path = "Flur/loading-gif/frame_006.gif"; sourceTree = SOURCE_ROOT; };
		DBC4C0A019FD6FFA00BDD66B /* frame_007.gif */ = {isa = PBXFileReference; lastKnownFileType = image.gif; name = frame_007.gif; path = "Flur/loading-gif/frame_007.gif"; sourceTree = SOURCE_ROOT; };
		DBC4C0A119FD6FFA00BDD66B /* frame_008.gif */ = {isa = PBXFileReference; lastKnownFileType = image.gif; name = frame_008.gif; path = "Flur/loading-gif/frame_008.gif"; sourceTree = SOURCE_ROOT; };
		DBC4C0A219FD6FFA00BDD66B /* frame_009.gif */ = {isa = PBXFileReference; lastKnownFileType = image.gif; name = frame_009.gif; path = "Flur/loading-gif/frame_009.gif"; sourceTree = SOURCE_ROOT; };
		DBC4C0A319FD6FFA00BDD66B /* frame_010.gif */ = {isa = PBXFileReference; lastKnownFileType = image.gif; name = frame_010.gif; path = "Flur/loading-gif/frame_010.gif"; sourceTree = SOURCE_ROOT; };
		DBC4C0A419FD6FFA00BDD66B /* frame_011.gif */ = {isa = PBXFileReference; lastKnownFileType = image.gif; name = frame_011.gif; path = "Flur/loading-gif/frame_011.gif"; sourceTree = SOURCE_ROOT; };
		DBC4C0A519FD6FFA00BDD66B /* frame_012.gif */ = {isa = PBXFileReference; lastKnownFileType = image.gif; name = frame_012.gif; path = "Flur/loading-gif/frame_012.gif"; sourceTree = SOURCE_ROOT; };
		DBC4C0A619FD6FFA00BDD66B /* frame_013.gif */ = {isa = PBXFileReference; lastKnownFileType = image.gif; name = frame_013.gif; path = "Flur/loading-gif/frame_013.gif"; sourceTree = SOURCE_ROOT; };
		DBC4C0A719FD6FFA00BDD66B /* frame_014.gif */ = {isa = PBXFileReference; lastKnownFileType = image.gif; name = frame_014.gif; path = "Flur/loading-gif/frame_014.gif"; sourceTree = SOURCE_ROOT; };
		DBC4C0A819FD6FFA00BDD66B /* frame_015.gif */ = {isa = PBXFileReference; lastKnownFileType = image.gif; name = frame_015.gif; path = "Flur/loading-gif/frame_015.gif"; sourceTree = SOURCE_ROOT; };
		DBC4C0A919FD6FFA00BDD66B /* frame_016.gif */ = {isa = PBXFileReference; lastKnownFileType = image.gif; name = frame_016.gif; path = "Flur/loading-gif/frame_016.gif"; sourceTree = SOURCE_ROOT; };
		DBC4C0AA19FD6FFA00BDD66B /* frame_017.gif */ = {isa = PBXFileReference; lastKnownFileType = image.gif; name = frame_017.gif; path = "Flur/loading-gif/frame_017.gif"; sourceTree = SOURCE_ROOT; };
		DBC4C0AB19FD6FFA00BDD66B /* frame_018.gif */ = {isa = PBXFileReference; lastKnownFileType = image.gif; name = frame_018.gif; path = "Flur/loading-gif/frame_018.gif"; sourceTree = SOURCE_ROOT; };
		DBC4C0AC19FD6FFA00BDD66B /* frame_019.gif */ = {isa = PBXFileReference; lastKnownFileType = image.gif; name = frame_019.gif; path = "Flur/loading-gif/frame_019.gif"; sourceTree = SOURCE_ROOT; };
		DBC4C0AD19FD6FFA00BDD66B /* frame_020.gif */ = {isa = PBXFileReference; lastKnownFileType = image.gif; name = frame_020.gif; path = "Flur/loading-gif/frame_020.gif"; sourceTree = SOURCE_ROOT; };
		DBC4C0AE19FD6FFA00BDD66B /* frame_021.gif */ = {isa = PBXFileReference; lastKnownFileType = image.gif; name = frame_021.gif; path = "Flur/loading-gif/frame_021.gif"; sourceTree = SOURCE_ROOT; };
		DBC4C0AF19FD6FFA00BDD66B /* frame_022.gif */ = {isa = PBXFileReference; lastKnownFileType = image.gif; name = frame_022.gif; path = "Flur/loading-gif/frame_022.gif"; sourceTree = SOURCE_ROOT; };
		DBC4C0B019FD6FFA00BDD66B /* frame_023.gif */ = {isa = PBXFileReference; lastKnownFileType = image.gif; name = frame_023.gif; path = "Flur/loading-gif/frame_023.gif"; sourceTree = SOURCE_ROOT; };
		DBC4C0B119FD6FFA00BDD66B /* frame_024.gif */ = {isa = PBXFileReference; lastKnownFileType = image.gif; name = frame_024.gif; path = "Flur/loading-gif/frame_024.gif"; sourceTree = SOURCE_ROOT; };
		DBC4C0B219FD6FFA00BDD66B /* frame_025.gif */ = {isa = PBXFileReference; lastKnownFileType = image.gif; name = frame_025.gif; path = "Flur/loading-gif/frame_025.gif"; sourceTree = SOURCE_ROOT; };
		DBC4C0B319FD6FFA00BDD66B /* frame_026.gif */ = {isa = PBXFileReference; lastKnownFileType = image.gif; name = frame_026.gif; path = "Flur/loading-gif/frame_026.gif"; sourceTree = SOURCE_ROOT; };
		DBC4C0B419FD6FFA00BDD66B /* frame_027.gif */ = {isa = PBXFileReference; lastKnownFileType = image.gif; name = frame_027.gif; path = "Flur/loading-gif/frame_027.gif"; sourceTree = SOURCE_ROOT; };
		DBC4C0B519FD6FFA00BDD66B /* frame_028.gif */ = {isa = PBXFileReference; lastKnownFileType = image.gif; name = frame_028.gif; path = "Flur/loading-gif/frame_028.gif"; sourceTree = SOURCE_ROOT; };
		DBC4C0D519FDC62600BDD66B /* exit_image.png */ = {isa = PBXFileReference; lastKnownFileType = image.png; path = exit_image.png; sourceTree = "<group>"; };
/* End PBXFileReference section */

/* Begin PBXFrameworksBuildPhase section */
		D903447E19DD03CB00CF9532 /* Frameworks */ = {
			isa = PBXFrameworksBuildPhase;
			buildActionMask = 2147483647;
			files = (
				D96C15D519E1CE18009E74DA /* MapKit.framework in Frameworks */,
				D96C15D319E1CE0B009E74DA /* CoreLocation.framework in Frameworks */,
				DD2B870A11496D0D818274F5 /* libPods.a in Frameworks */,
			);
			runOnlyForDeploymentPostprocessing = 0;
		};
		D903449419DD03CB00CF9532 /* Frameworks */ = {
			isa = PBXFrameworksBuildPhase;
			buildActionMask = 2147483647;
			files = (
			);
			runOnlyForDeploymentPostprocessing = 0;
		};
/* End PBXFrameworksBuildPhase section */

/* Begin PBXGroup section */
		C00AE4068D1C336E98A9B8E7 /* Pods */ = {
			isa = PBXGroup;
			children = (
				848EB5AE47E94637A9943476 /* Pods.debug.xcconfig */,
				D810A8B308AD2E3E47B33233 /* Pods.release.xcconfig */,
			);
			name = Pods;
			sourceTree = "<group>";
		};
		CCDA3FEEBD3B7E6BF05045F7 /* Frameworks */ = {
			isa = PBXGroup;
			children = (
				81BBFEEC39205A7BD563743A /* libPods.a */,
			);
			name = Frameworks;
			sourceTree = "<group>";
		};
		D903447819DD03CA00CF9532 = {
			isa = PBXGroup;
			children = (
				D96C15D419E1CE18009E74DA /* MapKit.framework */,
				D96C15D219E1CE0B009E74DA /* CoreLocation.framework */,
				D903448319DD03CB00CF9532 /* Flur */,
				D903449A19DD03CB00CF9532 /* FlurTests */,
				D903448219DD03CB00CF9532 /* Products */,
				C00AE4068D1C336E98A9B8E7 /* Pods */,
				CCDA3FEEBD3B7E6BF05045F7 /* Frameworks */,
			);
			sourceTree = "<group>";
		};
		D903448219DD03CB00CF9532 /* Products */ = {
			isa = PBXGroup;
			children = (
				D903448119DD03CB00CF9532 /* Flur.app */,
				D903449719DD03CB00CF9532 /* FlurTests.xctest */,
			);
			name = Products;
			sourceTree = "<group>";
		};
		D903448319DD03CB00CF9532 /* Flur */ = {
			isa = PBXGroup;
			children = (
				55050A0419FDE52B00E27F94 /* FLCameraViewController.m */,
				55050A0519FDE52B00E27F94 /* FLCameraViewController.h */,
				D903448819DD03CB00CF9532 /* AppDelegate.h */,
				D903448919DD03CB00CF9532 /* AppDelegate.m */,
				D903448B19DD03CB00CF9532 /* ViewController.h */,
				D903448C19DD03CB00CF9532 /* ViewController.m */,
				DBAFEB5919EC3A1100312140 /* PhotoViewController.h */,
				DBAFEB5A19EC3A1100312140 /* PhotoViewController.m */,
				DBAFEB9919EC4AC200312140 /* SinglePhotoViewController.h */,
				DBAFEB9A19EC4AC200312140 /* SinglePhotoViewController.m */,
				D903448E19DD03CB00CF9532 /* Main.storyboard */,
				D96C15D619E1F6CA009E74DA /* FLFlurAnnotation.h */,
				D96C15D719E1F6CA009E74DA /* FLFlurAnnotation.m */,
				D96C15CF19E0B536009E74DA /* FLInitialMapViewController.h */,
				D96C15D019E0B536009E74DA /* FLInitialMapViewController.m */,
				D96C15CC19E0B336009E74DA /* FLMasterNavigationController.h */,
				D96C15CD19E0B336009E74DA /* FLMasterNavigationController.m */,
				D903449119DD03CB00CF9532 /* Images.xcassets */,
				D903448419DD03CB00CF9532 /* Supporting Files */,
				DB9BD30819F59D800066FEB1 /* FLMapManager.h */,
				DB9BD30919F59D800066FEB1 /* FLMapManager.m */,
				DB9BD30B19F59DA30066FEB1 /* FLPin.h */,
				DB9BD30C19F59DA30066FEB1 /* FLPin.m */,
			);
			path = Flur;
			sourceTree = "<group>";
		};
		D903448419DD03CB00CF9532 /* Supporting Files */ = {
			isa = PBXGroup;
			children = (
				DBC4C0D519FDC62600BDD66B /* exit_image.png */,
				DBC4C09819FD6FFA00BDD66B /* loading-gif */,
				DB3ADA5A19FB336B0038E860 /* frame_0.gif */,
				DB3ADA5B19FB336B0038E860 /* frame_1.gif */,
				DB3ADA5C19FB336B0038E860 /* frame_2.gif */,
				DB3ADA5D19FB336B0038E860 /* frame_3.gif */,
				DB3ADA5E19FB336B0038E860 /* frame_004.gif */,
				DB3ADA5F19FB336B0038E860 /* frame_005.gif */,
				DB3ADA6019FB336B0038E860 /* frame_006.gif */,
				DB3ADA6119FB336B0038E860 /* frame_007.gif */,
				DB3ADA6219FB336B0038E860 /* frame_008.gif */,
				DB3ADA6319FB336B0038E860 /* frame_009.gif */,
				DB3ADA6419FB336B0038E860 /* frame_010.gif */,
				DB3ADA6519FB336B0038E860 /* frame_011.gif */,
				DB3ADA6619FB336B0038E860 /* frame_012.gif */,
				DB3ADA6719FB336B0038E860 /* frame_013.gif */,
				DB3ADA6819FB336B0038E860 /* frame_014.gif */,
				DB88878A19FA0E3500851575 /* flur_25px.png */,
				DB88878819FA0A8E00851575 /* flur_25px.ai */,
				DB3CE56419F5F8D00004066D /* small_flur.png */,
				D903448519DD03CB00CF9532 /* Info.plist */,
				D903448619DD03CB00CF9532 /* main.m */,
			);
			name = "Supporting Files";
			sourceTree = "<group>";
		};
		D903449A19DD03CB00CF9532 /* FlurTests */ = {
			isa = PBXGroup;
			children = (
				D903449D19DD03CB00CF9532 /* FlurTests.m */,
				D903449B19DD03CB00CF9532 /* Supporting Files */,
			);
			path = FlurTests;
			sourceTree = "<group>";
		};
		D903449B19DD03CB00CF9532 /* Supporting Files */ = {
			isa = PBXGroup;
			children = (
				D903449C19DD03CB00CF9532 /* Info.plist */,
			);
			name = "Supporting Files";
			sourceTree = "<group>";
		};
		DBC4C09819FD6FFA00BDD66B /* loading-gif */ = {
			isa = PBXGroup;
			children = (
				DBC4C09919FD6FFA00BDD66B /* frame_000.gif */,
				DBC4C09A19FD6FFA00BDD66B /* frame_001.gif */,
				DBC4C09B19FD6FFA00BDD66B /* frame_002.gif */,
				DBC4C09C19FD6FFA00BDD66B /* frame_003.gif */,
				DBC4C09D19FD6FFA00BDD66B /* frame_004.gif */,
				DBC4C09E19FD6FFA00BDD66B /* frame_005.gif */,
				DBC4C09F19FD6FFA00BDD66B /* frame_006.gif */,
				DBC4C0A019FD6FFA00BDD66B /* frame_007.gif */,
				DBC4C0A119FD6FFA00BDD66B /* frame_008.gif */,
				DBC4C0A219FD6FFA00BDD66B /* frame_009.gif */,
				DBC4C0A319FD6FFA00BDD66B /* frame_010.gif */,
				DBC4C0A419FD6FFA00BDD66B /* frame_011.gif */,
				DBC4C0A519FD6FFA00BDD66B /* frame_012.gif */,
				DBC4C0A619FD6FFA00BDD66B /* frame_013.gif */,
				DBC4C0A719FD6FFA00BDD66B /* frame_014.gif */,
				DBC4C0A819FD6FFA00BDD66B /* frame_015.gif */,
				DBC4C0A919FD6FFA00BDD66B /* frame_016.gif */,
				DBC4C0AA19FD6FFA00BDD66B /* frame_017.gif */,
				DBC4C0AB19FD6FFA00BDD66B /* frame_018.gif */,
				DBC4C0AC19FD6FFA00BDD66B /* frame_019.gif */,
				DBC4C0AD19FD6FFA00BDD66B /* frame_020.gif */,
				DBC4C0AE19FD6FFA00BDD66B /* frame_021.gif */,
				DBC4C0AF19FD6FFA00BDD66B /* frame_022.gif */,
				DBC4C0B019FD6FFA00BDD66B /* frame_023.gif */,
				DBC4C0B119FD6FFA00BDD66B /* frame_024.gif */,
				DBC4C0B219FD6FFA00BDD66B /* frame_025.gif */,
				DBC4C0B319FD6FFA00BDD66B /* frame_026.gif */,
				DBC4C0B419FD6FFA00BDD66B /* frame_027.gif */,
				DBC4C0B519FD6FFA00BDD66B /* frame_028.gif */,
			);
			path = "loading-gif";
			sourceTree = "<group>";
		};
/* End PBXGroup section */

/* Begin PBXNativeTarget section */
		D903448019DD03CB00CF9532 /* Flur */ = {
			isa = PBXNativeTarget;
			buildConfigurationList = D90344A119DD03CB00CF9532 /* Build configuration list for PBXNativeTarget "Flur" */;
			buildPhases = (
				07C63FAC7D9D013A4D1E88BC /* Check Pods Manifest.lock */,
				D903447D19DD03CB00CF9532 /* Sources */,
				D903447E19DD03CB00CF9532 /* Frameworks */,
				D903447F19DD03CB00CF9532 /* Resources */,
				14D49A4A930DEB090BBC29B2 /* Copy Pods Resources */,
			);
			buildRules = (
			);
			dependencies = (
			);
			name = Flur;
			productName = Flur;
			productReference = D903448119DD03CB00CF9532 /* Flur.app */;
			productType = "com.apple.product-type.application";
		};
		D903449619DD03CB00CF9532 /* FlurTests */ = {
			isa = PBXNativeTarget;
			buildConfigurationList = D90344A419DD03CB00CF9532 /* Build configuration list for PBXNativeTarget "FlurTests" */;
			buildPhases = (
				D903449319DD03CB00CF9532 /* Sources */,
				D903449419DD03CB00CF9532 /* Frameworks */,
				D903449519DD03CB00CF9532 /* Resources */,
			);
			buildRules = (
			);
			dependencies = (
				D903449919DD03CB00CF9532 /* PBXTargetDependency */,
			);
			name = FlurTests;
			productName = FlurTests;
			productReference = D903449719DD03CB00CF9532 /* FlurTests.xctest */;
			productType = "com.apple.product-type.bundle.unit-test";
		};
/* End PBXNativeTarget section */

/* Begin PBXProject section */
		D903447919DD03CB00CF9532 /* Project object */ = {
			isa = PBXProject;
			attributes = {
				LastUpgradeCheck = 0600;
				ORGANIZATIONNAME = "Steve Zuckerman";
				TargetAttributes = {
					D903448019DD03CB00CF9532 = {
						CreatedOnToolsVersion = 6.0;
						DevelopmentTeam = 6V6CG978VS;
					};
					D903449619DD03CB00CF9532 = {
						CreatedOnToolsVersion = 6.0;
						TestTargetID = D903448019DD03CB00CF9532;
					};
				};
			};
			buildConfigurationList = D903447C19DD03CB00CF9532 /* Build configuration list for PBXProject "Flur" */;
			compatibilityVersion = "Xcode 3.2";
			developmentRegion = English;
			hasScannedForEncodings = 0;
			knownRegions = (
				en,
				Base,
			);
			mainGroup = D903447819DD03CA00CF9532;
			productRefGroup = D903448219DD03CB00CF9532 /* Products */;
			projectDirPath = "";
			projectRoot = "";
			targets = (
				D903448019DD03CB00CF9532 /* Flur */,
				D903449619DD03CB00CF9532 /* FlurTests */,
			);
		};
/* End PBXProject section */

/* Begin PBXResourcesBuildPhase section */
		D903447F19DD03CB00CF9532 /* Resources */ = {
			isa = PBXResourcesBuildPhase;
			buildActionMask = 2147483647;
			files = (
				D903449019DD03CB00CF9532 /* Main.storyboard in Resources */,
				DBC4C0B819FD6FFA00BDD66B /* frame_002.gif in Resources */,
				DBC4C0BB19FD6FFA00BDD66B /* frame_005.gif in Resources */,
				DBC4C0D019FD6FFA00BDD66B /* frame_026.gif in Resources */,
				DB3ADA6D19FB336B0038E860 /* frame_004.gif in Resources */,
				DBC4C0C619FD6FFA00BDD66B /* frame_016.gif in Resources */,
				DBC4C0C819FD6FFA00BDD66B /* frame_018.gif in Resources */,
				D903449219DD03CB00CF9532 /* Images.xcassets in Resources */,
				DBC4C0C519FD6FFA00BDD66B /* frame_015.gif in Resources */,
				DBC4C0CF19FD6FFA00BDD66B /* frame_025.gif in Resources */,
				DB3ADA7119FB336B0038E860 /* frame_008.gif in Resources */,
				DB3ADA6E19FB336B0038E860 /* frame_005.gif in Resources */,
				DBC4C0CA19FD6FFA00BDD66B /* frame_020.gif in Resources */,
				DBC4C0D219FD6FFA00BDD66B /* frame_028.gif in Resources */,
				DBC4C0CE19FD6FFA00BDD66B /* frame_024.gif in Resources */,
				DB3CE56519F5F8D00004066D /* small_flur.png in Resources */,
				DBC4C0BC19FD6FFA00BDD66B /* frame_006.gif in Resources */,
				DBC4C0C319FD6FFA00BDD66B /* frame_013.gif in Resources */,
				DB3ADA6F19FB336B0038E860 /* frame_006.gif in Resources */,
				DB3ADA7419FB336B0038E860 /* frame_011.gif in Resources */,
				DBC4C0BE19FD6FFA00BDD66B /* frame_008.gif in Resources */,
				DBC4C0D119FD6FFA00BDD66B /* frame_027.gif in Resources */,
				DB3ADA6A19FB336B0038E860 /* frame_1.gif in Resources */,
				DBC4C0C119FD6FFA00BDD66B /* frame_011.gif in Resources */,
				DB3ADA7619FB336B0038E860 /* frame_013.gif in Resources */,
				DBC4C0CD19FD6FFA00BDD66B /* frame_023.gif in Resources */,
				DBC4C0CB19FD6FFA00BDD66B /* frame_021.gif in Resources */,
				DBC4C0BA19FD6FFA00BDD66B /* frame_004.gif in Resources */,
				DBC4C0C019FD6FFA00BDD66B /* frame_010.gif in Resources */,
				DBC4C0C919FD6FFA00BDD66B /* frame_019.gif in Resources */,
				DB3ADA7019FB336B0038E860 /* frame_007.gif in Resources */,
				DBC4C0B619FD6FFA00BDD66B /* frame_000.gif in Resources */,
				DB88878B19FA0E3500851575 /* flur_25px.png in Resources */,
				DBC4C0B919FD6FFA00BDD66B /* frame_003.gif in Resources */,
				DBC4C0BD19FD6FFA00BDD66B /* frame_007.gif in Resources */,
				DBC4C0D619FDC62600BDD66B /* exit_image.png in Resources */,
				DB3ADA6B19FB336B0038E860 /* frame_2.gif in Resources */,
				DB3ADA7219FB336B0038E860 /* frame_009.gif in Resources */,
				DB3ADA7319FB336B0038E860 /* frame_010.gif in Resources */,
				DBC4C0C419FD6FFA00BDD66B /* frame_014.gif in Resources */,
				DBC4C0C719FD6FFA00BDD66B /* frame_017.gif in Resources */,
				DBC4C0B719FD6FFA00BDD66B /* frame_001.gif in Resources */,
				DB3ADA7519FB336B0038E860 /* frame_012.gif in Resources */,
				DB3ADA7719FB336B0038E860 /* frame_014.gif in Resources */,
				DBC4C0BF19FD6FFA00BDD66B /* frame_009.gif in Resources */,
				DBC4C0C219FD6FFA00BDD66B /* frame_012.gif in Resources */,
				DB88878919FA0A8E00851575 /* flur_25px.ai in Resources */,
				DB3ADA6919FB336B0038E860 /* frame_0.gif in Resources */,
				DB3ADA6C19FB336B0038E860 /* frame_3.gif in Resources */,
				DBC4C0CC19FD6FFA00BDD66B /* frame_022.gif in Resources */,
			);
			runOnlyForDeploymentPostprocessing = 0;
		};
		D903449519DD03CB00CF9532 /* Resources */ = {
			isa = PBXResourcesBuildPhase;
			buildActionMask = 2147483647;
			files = (
			);
			runOnlyForDeploymentPostprocessing = 0;
		};
/* End PBXResourcesBuildPhase section */

/* Begin PBXShellScriptBuildPhase section */
		07C63FAC7D9D013A4D1E88BC /* Check Pods Manifest.lock */ = {
			isa = PBXShellScriptBuildPhase;
			buildActionMask = 2147483647;
			files = (
			);
			inputPaths = (
			);
			name = "Check Pods Manifest.lock";
			outputPaths = (
			);
			runOnlyForDeploymentPostprocessing = 0;
			shellPath = /bin/sh;
			shellScript = "diff \"${PODS_ROOT}/../Podfile.lock\" \"${PODS_ROOT}/Manifest.lock\" > /dev/null\nif [[ $? != 0 ]] ; then\n    cat << EOM\nerror: The sandbox is not in sync with the Podfile.lock. Run 'pod install' or update your CocoaPods installation.\nEOM\n    exit 1\nfi\n";
			showEnvVarsInLog = 0;
		};
		14D49A4A930DEB090BBC29B2 /* Copy Pods Resources */ = {
			isa = PBXShellScriptBuildPhase;
			buildActionMask = 2147483647;
			files = (
			);
			inputPaths = (
			);
			name = "Copy Pods Resources";
			outputPaths = (
			);
			runOnlyForDeploymentPostprocessing = 0;
			shellPath = /bin/sh;
			shellScript = "\"${SRCROOT}/Pods/Target Support Files/Pods/Pods-resources.sh\"\n";
			showEnvVarsInLog = 0;
		};
/* End PBXShellScriptBuildPhase section */

/* Begin PBXSourcesBuildPhase section */
		D903447D19DD03CB00CF9532 /* Sources */ = {
			isa = PBXSourcesBuildPhase;
			buildActionMask = 2147483647;
			files = (
				D96C15D819E1F6CA009E74DA /* FLFlurAnnotation.m in Sources */,
				55050A0619FDE52B00E27F94 /* FLCameraViewController.m in Sources */,
				DBAFEB9B19EC4AC200312140 /* SinglePhotoViewController.m in Sources */,
				D903448D19DD03CB00CF9532 /* ViewController.m in Sources */,
				DB9BD30D19F59DA30066FEB1 /* FLPin.m in Sources */,
				D903448A19DD03CB00CF9532 /* AppDelegate.m in Sources */,
				DB9BD30A19F59D800066FEB1 /* FLMapManager.m in Sources */,
				D96C15D119E0B536009E74DA /* FLInitialMapViewController.m in Sources */,
				D903448719DD03CB00CF9532 /* main.m in Sources */,
				D96C15CE19E0B336009E74DA /* FLMasterNavigationController.m in Sources */,
				DBAFEB5B19EC3A1100312140 /* PhotoViewController.m in Sources */,
			);
			runOnlyForDeploymentPostprocessing = 0;
		};
		D903449319DD03CB00CF9532 /* Sources */ = {
			isa = PBXSourcesBuildPhase;
			buildActionMask = 2147483647;
			files = (
				D903449E19DD03CB00CF9532 /* FlurTests.m in Sources */,
			);
			runOnlyForDeploymentPostprocessing = 0;
		};
/* End PBXSourcesBuildPhase section */

/* Begin PBXTargetDependency section */
		D903449919DD03CB00CF9532 /* PBXTargetDependency */ = {
			isa = PBXTargetDependency;
			target = D903448019DD03CB00CF9532 /* Flur */;
			targetProxy = D903449819DD03CB00CF9532 /* PBXContainerItemProxy */;
		};
/* End PBXTargetDependency section */

/* Begin PBXVariantGroup section */
		D903448E19DD03CB00CF9532 /* Main.storyboard */ = {
			isa = PBXVariantGroup;
			children = (
				D903448F19DD03CB00CF9532 /* Base */,
			);
			name = Main.storyboard;
			sourceTree = "<group>";
		};
/* End PBXVariantGroup section */

/* Begin XCBuildConfiguration section */
		D903449F19DD03CB00CF9532 /* Debug */ = {
			isa = XCBuildConfiguration;
			buildSettings = {
				ALWAYS_SEARCH_USER_PATHS = NO;
				CLANG_CXX_LANGUAGE_STANDARD = "gnu++0x";
				CLANG_CXX_LIBRARY = "libc++";
				CLANG_ENABLE_MODULES = YES;
				CLANG_ENABLE_OBJC_ARC = YES;
				CLANG_WARN_BOOL_CONVERSION = YES;
				CLANG_WARN_CONSTANT_CONVERSION = YES;
				CLANG_WARN_DIRECT_OBJC_ISA_USAGE = YES_ERROR;
				CLANG_WARN_EMPTY_BODY = YES;
				CLANG_WARN_ENUM_CONVERSION = YES;
				CLANG_WARN_INT_CONVERSION = YES;
				CLANG_WARN_OBJC_ROOT_CLASS = YES_ERROR;
				CLANG_WARN_UNREACHABLE_CODE = YES;
				CLANG_WARN__DUPLICATE_METHOD_MATCH = YES;
				"CODE_SIGN_IDENTITY[sdk=iphoneos*]" = "iPhone Developer";
				COPY_PHASE_STRIP = NO;
				ENABLE_STRICT_OBJC_MSGSEND = YES;
				GCC_C_LANGUAGE_STANDARD = gnu99;
				GCC_DYNAMIC_NO_PIC = NO;
				GCC_OPTIMIZATION_LEVEL = 0;
				GCC_PREPROCESSOR_DEFINITIONS = (
					"DEBUG=1",
					"$(inherited)",
				);
				GCC_SYMBOLS_PRIVATE_EXTERN = NO;
				GCC_WARN_64_TO_32_BIT_CONVERSION = YES;
				GCC_WARN_ABOUT_RETURN_TYPE = YES_ERROR;
				GCC_WARN_UNDECLARED_SELECTOR = YES;
				GCC_WARN_UNINITIALIZED_AUTOS = YES_AGGRESSIVE;
				GCC_WARN_UNUSED_FUNCTION = YES;
				GCC_WARN_UNUSED_VARIABLE = YES;
				IPHONEOS_DEPLOYMENT_TARGET = 8.0;
				MTL_ENABLE_DEBUG_INFO = YES;
				ONLY_ACTIVE_ARCH = YES;
				SDKROOT = iphoneos;
				TARGETED_DEVICE_FAMILY = "1,2";
			};
			name = Debug;
		};
		D90344A019DD03CB00CF9532 /* Release */ = {
			isa = XCBuildConfiguration;
			buildSettings = {
				ALWAYS_SEARCH_USER_PATHS = NO;
				CLANG_CXX_LANGUAGE_STANDARD = "gnu++0x";
				CLANG_CXX_LIBRARY = "libc++";
				CLANG_ENABLE_MODULES = YES;
				CLANG_ENABLE_OBJC_ARC = YES;
				CLANG_WARN_BOOL_CONVERSION = YES;
				CLANG_WARN_CONSTANT_CONVERSION = YES;
				CLANG_WARN_DIRECT_OBJC_ISA_USAGE = YES_ERROR;
				CLANG_WARN_EMPTY_BODY = YES;
				CLANG_WARN_ENUM_CONVERSION = YES;
				CLANG_WARN_INT_CONVERSION = YES;
				CLANG_WARN_OBJC_ROOT_CLASS = YES_ERROR;
				CLANG_WARN_UNREACHABLE_CODE = YES;
				CLANG_WARN__DUPLICATE_METHOD_MATCH = YES;
				"CODE_SIGN_IDENTITY[sdk=iphoneos*]" = "iPhone Developer";
				COPY_PHASE_STRIP = YES;
				ENABLE_NS_ASSERTIONS = NO;
				ENABLE_STRICT_OBJC_MSGSEND = YES;
				GCC_C_LANGUAGE_STANDARD = gnu99;
				GCC_WARN_64_TO_32_BIT_CONVERSION = YES;
				GCC_WARN_ABOUT_RETURN_TYPE = YES_ERROR;
				GCC_WARN_UNDECLARED_SELECTOR = YES;
				GCC_WARN_UNINITIALIZED_AUTOS = YES_AGGRESSIVE;
				GCC_WARN_UNUSED_FUNCTION = YES;
				GCC_WARN_UNUSED_VARIABLE = YES;
				IPHONEOS_DEPLOYMENT_TARGET = 8.0;
				MTL_ENABLE_DEBUG_INFO = NO;
				SDKROOT = iphoneos;
				TARGETED_DEVICE_FAMILY = "1,2";
				VALIDATE_PRODUCT = YES;
			};
			name = Release;
		};
		D90344A219DD03CB00CF9532 /* Debug */ = {
			isa = XCBuildConfiguration;
			baseConfigurationReference = 848EB5AE47E94637A9943476 /* Pods.debug.xcconfig */;
			buildSettings = {
				ASSETCATALOG_COMPILER_APPICON_NAME = AppIcon;
				ASSETCATALOG_COMPILER_LAUNCHIMAGE_NAME = LaunchImage;
				CODE_SIGN_IDENTITY = "iPhone Developer";
				"CODE_SIGN_IDENTITY[sdk=*]" = "iPhone Developer";
				"CODE_SIGN_IDENTITY[sdk=iphoneos*]" = "iPhone Developer";
				INFOPLIST_FILE = Flur/Info.plist;
				LD_RUNPATH_SEARCH_PATHS = "$(inherited) @executable_path/Frameworks";
				PRODUCT_NAME = "$(TARGET_NAME)";
				PROVISIONING_PROFILE = "5bd487f3-1baa-4be8-bb21-26b2dfc8eb39";
			};
			name = Debug;
		};
		D90344A319DD03CB00CF9532 /* Release */ = {
			isa = XCBuildConfiguration;
			baseConfigurationReference = D810A8B308AD2E3E47B33233 /* Pods.release.xcconfig */;
			buildSettings = {
				ASSETCATALOG_COMPILER_APPICON_NAME = AppIcon;
				ASSETCATALOG_COMPILER_LAUNCHIMAGE_NAME = LaunchImage;
				CODE_SIGN_IDENTITY = "iPhone Developer";
				"CODE_SIGN_IDENTITY[sdk=iphoneos*]" = "iPhone Developer";
				INFOPLIST_FILE = Flur/Info.plist;
				LD_RUNPATH_SEARCH_PATHS = "$(inherited) @executable_path/Frameworks";
				PRODUCT_NAME = "$(TARGET_NAME)";
				PROVISIONING_PROFILE = "5bd487f3-1baa-4be8-bb21-26b2dfc8eb39";
			};
			name = Release;
		};
		D90344A519DD03CB00CF9532 /* Debug */ = {
			isa = XCBuildConfiguration;
			buildSettings = {
				BUNDLE_LOADER = "$(TEST_HOST)";
				FRAMEWORK_SEARCH_PATHS = (
					"$(SDKROOT)/Developer/Library/Frameworks",
					"$(inherited)",
				);
				GCC_PREPROCESSOR_DEFINITIONS = (
					"DEBUG=1",
					"$(inherited)",
				);
				INFOPLIST_FILE = FlurTests/Info.plist;
				LD_RUNPATH_SEARCH_PATHS = "$(inherited) @executable_path/Frameworks @loader_path/Frameworks";
				PRODUCT_NAME = "$(TARGET_NAME)";
				TEST_HOST = "$(BUILT_PRODUCTS_DIR)/Flur.app/Flur";
			};
			name = Debug;
		};
		D90344A619DD03CB00CF9532 /* Release */ = {
			isa = XCBuildConfiguration;
			buildSettings = {
				BUNDLE_LOADER = "$(TEST_HOST)";
				FRAMEWORK_SEARCH_PATHS = (
					"$(SDKROOT)/Developer/Library/Frameworks",
					"$(inherited)",
				);
				INFOPLIST_FILE = FlurTests/Info.plist;
				LD_RUNPATH_SEARCH_PATHS = "$(inherited) @executable_path/Frameworks @loader_path/Frameworks";
				PRODUCT_NAME = "$(TARGET_NAME)";
				TEST_HOST = "$(BUILT_PRODUCTS_DIR)/Flur.app/Flur";
			};
			name = Release;
		};
/* End XCBuildConfiguration section */

/* Begin XCConfigurationList section */
		D903447C19DD03CB00CF9532 /* Build configuration list for PBXProject "Flur" */ = {
			isa = XCConfigurationList;
			buildConfigurations = (
				D903449F19DD03CB00CF9532 /* Debug */,
				D90344A019DD03CB00CF9532 /* Release */,
			);
			defaultConfigurationIsVisible = 0;
			defaultConfigurationName = Release;
		};
		D90344A119DD03CB00CF9532 /* Build configuration list for PBXNativeTarget "Flur" */ = {
			isa = XCConfigurationList;
			buildConfigurations = (
				D90344A219DD03CB00CF9532 /* Debug */,
				D90344A319DD03CB00CF9532 /* Release */,
			);
			defaultConfigurationIsVisible = 0;
			defaultConfigurationName = Release;
		};
		D90344A419DD03CB00CF9532 /* Build configuration list for PBXNativeTarget "FlurTests" */ = {
			isa = XCConfigurationList;
			buildConfigurations = (
				D90344A519DD03CB00CF9532 /* Debug */,
				D90344A619DD03CB00CF9532 /* Release */,
			);
			defaultConfigurationIsVisible = 0;
			defaultConfigurationName = Release;
		};
/* End XCConfigurationList section */
	};
	rootObject = D903447919DD03CB00CF9532 /* Project object */;
}
